
Microsoft Visual Studio Solution File, Format Version 12.00
# Visual Studio Version 16
VisualStudioVersion = 16.0.29519.87
MinimumVisualStudioVersion = 10.0.40219.1
Project("{9A19103F-16F7-4668-BE54-9A1E7A4F7556}") = "IncrementService", "IncrementService\IncrementService.csproj", "{04921736-8563-4A7C-81CE-5C38D83C52A4}"
EndProject
Project("{9A19103F-16F7-4668-BE54-9A1E7A4F7556}") = "IncrementService.Tests", "IncrementService.Tests\IncrementService.Tests.csproj", "{19F5E85B-900A-430B-A37F-EEA545A3DFED}"
EndProject
Project("{E53339B2-1760-4266-BCC7-CA923CBCF16C}") = "docker-compose", "docker-compose.dcproj", "{DA6185D8-4FFE-4EB5-9F74-AF4B27501DC5}"
EndProject
Global
	GlobalSection(SolutionConfigurationPlatforms) = preSolution
		Debug|Any CPU = Debug|Any CPU
		Release|Any CPU = Release|Any CPU
	EndGlobalSection
	GlobalSection(ProjectConfigurationPlatforms) = postSolution
		{04921736-8563-4A7C-81CE-5C38D83C52A4}.Debug|Any CPU.ActiveCfg = Debug|Any CPU
		{04921736-8563-4A7C-81CE-5C38D83C52A4}.Debug|Any CPU.Build.0 = Debug|Any CPU
		{04921736-8563-4A7C-81CE-5C38D83C52A4}.Release|Any CPU.ActiveCfg = Release|Any CPU
		{04921736-8563-4A7C-81CE-5C38D83C52A4}.Release|Any CPU.Build.0 = Release|Any CPU
		{19F5E85B-900A-430B-A37F-EEA545A3DFED}.Debug|Any CPU.ActiveCfg = Debug|Any CPU
		{19F5E85B-900A-430B-A37F-EEA545A3DFED}.Debug|Any CPU.Build.0 = Debug|Any CPU
		{19F5E85B-900A-430B-A37F-EEA545A3DFED}.Release|Any CPU.ActiveCfg = Release|Any CPU
		{19F5E85B-900A-430B-A37F-EEA545A3DFED}.Release|Any CPU.Build.0 = Release|Any CPU
		{DA6185D8-4FFE-4EB5-9F74-AF4B27501DC5}.Debug|Any CPU.ActiveCfg = Debug|Any CPU
		{DA6185D8-4FFE-4EB5-9F74-AF4B27501DC5}.Debug|Any CPU.Build.0 = Debug|Any CPU
		{DA6185D8-4FFE-4EB5-9F74-AF4B27501DC5}.Release|Any CPU.ActiveCfg = Release|Any CPU
		{DA6185D8-4FFE-4EB5-9F74-AF4B27501DC5}.Release|Any CPU.Build.0 = Release|Any CPU
	EndGlobalSection
	GlobalSection(SolutionProperties) = preSolution
		HideSolutionNode = FALSE
	EndGlobalSection
	GlobalSection(ExtensibilityGlobals) = postSolution
		SolutionGuid = {59901F92-9143-411E-9915-CF0060BB3BB5}
	EndGlobalSection
EndGlobal
